
Microsoft Visual Studio Solution File, Format Version 12.00
Project("{FAE04EC0-301F-11D3-BF4B-00C04F79EFBC}") = "RealmStructureTest", "RealmStructureTest\RealmStructureTest.csproj", "{8197C21F-23E5-460D-81DF-ECAE46AA9D7C}"
EndProject
Global
	GlobalSection(SolutionConfigurationPlatforms) = preSolution
		Debug|Any CPU = Debug|Any CPU
		Release|Any CPU = Release|Any CPU
	EndGlobalSection
	GlobalSection(ProjectConfigurationPlatforms) = postSolution
		{8197C21F-23E5-460D-81DF-ECAE46AA9D7C}.Debug|Any CPU.ActiveCfg = Debug|Any CPU
		{8197C21F-23E5-460D-81DF-ECAE46AA9D7C}.Debug|Any CPU.Build.0 = Debug|Any CPU
		{8197C21F-23E5-460D-81DF-ECAE46AA9D7C}.Release|Any CPU.ActiveCfg = Release|Any CPU
		{8197C21F-23E5-460D-81DF-ECAE46AA9D7C}.Release|Any CPU.Build.0 = Release|Any CPU
	EndGlobalSection
EndGlobal
